// !$*UTF8*$!
{
	archiveVersion = 1;
	classes = {
	};
	objectVersion = 50;
	objects = {

/* Begin PBXBuildFile section */
		6D8D3FE820E79F6500899583 /* AppDelegate.swift in Sources */ = {isa = PBXBuildFile; fileRef = 6D8D3FE720E79F6500899583 /* AppDelegate.swift */; };
		6D8D3FEA20E79F6500899583 /* ViewController.swift in Sources */ = {isa = PBXBuildFile; fileRef = 6D8D3FE920E79F6500899583 /* ViewController.swift */; };
		6D8D3FED20E79F6500899583 /* Main.storyboard in Resources */ = {isa = PBXBuildFile; fileRef = 6D8D3FEB20E79F6500899583 /* Main.storyboard */; };
		6D8D3FEF20E79F6600899583 /* Assets.xcassets in Resources */ = {isa = PBXBuildFile; fileRef = 6D8D3FEE20E79F6600899583 /* Assets.xcassets */; };
		6D8D3FF220E79F6600899583 /* LaunchScreen.storyboard in Resources */ = {isa = PBXBuildFile; fileRef = 6D8D3FF020E79F6600899583 /* LaunchScreen.storyboard */; };
		6D8D3FFD20E79F6600899583 /* testTests.swift in Sources */ = {isa = PBXBuildFile; fileRef = 6D8D3FFC20E79F6600899583 /* testTests.swift */; };
		6D8D400820E79F6600899583 /* testUITests.swift in Sources */ = {isa = PBXBuildFile; fileRef = 6D8D400720E79F6600899583 /* testUITests.swift */; };
/* End PBXBuildFile section */

/* Begin PBXContainerItemProxy section */
		6D8D3FF920E79F6600899583 /* PBXContainerItemProxy */ = {
			isa = PBXContainerItemProxy;
			containerPortal = 6D8D3FDC20E79F6500899583 /* Project object */;
			proxyType = 1;
			remoteGlobalIDString = 6D8D3FE320E79F6500899583;
			remoteInfo = test;
		};
		6D8D400420E79F6600899583 /* PBXContainerItemProxy */ = {
			isa = PBXContainerItemProxy;
			containerPortal = 6D8D3FDC20E79F6500899583 /* Project object */;
			proxyType = 1;
			remoteGlobalIDString = 6D8D3FE320E79F6500899583;
			remoteInfo = test;
		};
/* End PBXContainerItemProxy section */

/* Begin PBXFileReference section */
		6D8D3FE420E79F6500899583 /* test.app */ = {isa = PBXFileReference; explicitFileType = wrapper.application; includeInIndex = 0; path = test.app; sourceTree = BUILT_PRODUCTS_DIR; };
		6D8D3FE720E79F6500899583 /* AppDelegate.swift */ = {isa = PBXFileReference; lastKnownFileType = sourcecode.swift; path = AppDelegate.swift; sourceTree = "<group>"; };
		6D8D3FE920E79F6500899583 /* ViewController.swift */ = {isa = PBXFileReference; lastKnownFileType = sourcecode.swift; path = ViewController.swift; sourceTree = "<group>"; };
		6D8D3FEC20E79F6500899583 /* Base */ = {isa = PBXFileReference; lastKnownFileType = file.storyboard; name = Base; path = Base.lproj/Main.storyboard; sourceTree = "<group>"; };
		6D8D3FEE20E79F6600899583 /* Assets.xcassets */ = {isa = PBXFileReference; lastKnownFileType = folder.assetcatalog; path = Assets.xcassets; sourceTree = "<group>"; };
		6D8D3FF120E79F6600899583 /* Base */ = {isa = PBXFileReference; lastKnownFileType = file.storyboard; name = Base; path = Base.lproj/LaunchScreen.storyboard; sourceTree = "<group>"; };
		6D8D3FF320E79F6600899583 /* Info.plist */ = {isa = PBXFileReference; lastKnownFileType = text.plist.xml; path = Info.plist; sourceTree = "<group>"; };
		6D8D3FF820E79F6600899583 /* testTests.xctest */ = {isa = PBXFileReference; explicitFileType = wrapper.cfbundle; includeInIndex = 0; path = testTests.xctest; sourceTree = BUILT_PRODUCTS_DIR; };
		6D8D3FFC20E79F6600899583 /* testTests.swift */ = {isa = PBXFileReference; lastKnownFileType = sourcecode.swift; path = testTests.swift; sourceTree = "<group>"; };
		6D8D3FFE20E79F6600899583 /* Info.plist */ = {isa = PBXFileReference; lastKnownFileType = text.plist.xml; path = Info.plist; sourceTree = "<group>"; };
		6D8D400320E79F6600899583 /* testUITests.xctest */ = {isa = PBXFileReference; explicitFileType = wrapper.cfbundle; includeInIndex = 0; path = testUITests.xctest; sourceTree = BUILT_PRODUCTS_DIR; };
		6D8D400720E79F6600899583 /* testUITests.swift */ = {isa = PBXFileReference; lastKnownFileType = sourcecode.swift; path = testUITests.swift; sourceTree = "<group>"; };
		6D8D400920E79F6600899583 /* Info.plist */ = {isa = PBXFileReference; lastKnownFileType = text.plist.xml; path = Info.plist; sourceTree = "<group>"; };
/* End PBXFileReference section */

/* Begin PBXFrameworksBuildPhase section */
		6D8D3FE120E79F6500899583 /* Frameworks */ = {
			isa = PBXFrameworksBuildPhase;
			buildActionMask = 2147483647;
			files = (
			);
			runOnlyForDeploymentPostprocessing = 0;
		};
		6D8D3FF520E79F6600899583 /* Frameworks */ = {
			isa = PBXFrameworksBuildPhase;
			buildActionMask = 2147483647;
			files = (
			);
			runOnlyForDeploymentPostprocessing = 0;
		};
		6D8D400020E79F6600899583 /* Frameworks */ = {
			isa = PBXFrameworksBuildPhase;
			buildActionMask = 2147483647;
			files = (
			);
			runOnlyForDeploymentPostprocessing = 0;
		};
/* End PBXFrameworksBuildPhase section */

/* Begin PBXGroup section */
		6D8D3FDB20E79F6500899583 = {
			isa = PBXGroup;
			children = (
				6D8D3FE620E79F6500899583 /* test */,
				6D8D3FFB20E79F6600899583 /* testTests */,
				6D8D400620E79F6600899583 /* testUITests */,
				6D8D3FE520E79F6500899583 /* Products */,
			);
			sourceTree = "<group>";
		};
		6D8D3FE520E79F6500899583 /* Products */ = {
			isa = PBXGroup;
			children = (
				6D8D3FE420E79F6500899583 /* test.app */,
				6D8D3FF820E79F6600899583 /* testTests.xctest */,
				6D8D400320E79F6600899583 /* testUITests.xctest */,
			);
			name = Products;
			sourceTree = "<group>";
		};
		6D8D3FE620E79F6500899583 /* test */ = {
			isa = PBXGroup;
			children = (
				6D8D3FE720E79F6500899583 /* AppDelegate.swift */,
				6D8D3FE920E79F6500899583 /* ViewController.swift */,
				6D8D3FEB20E79F6500899583 /* Main.storyboard */,
				6D8D3FEE20E79F6600899583 /* Assets.xcassets */,
				6D8D3FF020E79F6600899583 /* LaunchScreen.storyboard */,
				6D8D3FF320E79F6600899583 /* Info.plist */,
			);
			path = test;
			sourceTree = "<group>";
		};
		6D8D3FFB20E79F6600899583 /* testTests */ = {
			isa = PBXGroup;
			children = (
				6D8D3FFC20E79F6600899583 /* testTests.swift */,
				6D8D3FFE20E79F6600899583 /* Info.plist */,
			);
			path = testTests;
			sourceTree = "<group>";
		};
		6D8D400620E79F6600899583 /* testUITests */ = {
			isa = PBXGroup;
			children = (
				6D8D400720E79F6600899583 /* testUITests.swift */,
				6D8D400920E79F6600899583 /* Info.plist */,
			);
			path = testUITests;
			sourceTree = "<group>";
		};
/* End PBXGroup section */

/* Begin PBXNativeTarget section */
		6D8D3FE320E79F6500899583 /* test */ = {
			isa = PBXNativeTarget;
			buildConfigurationList = 6D8D400C20E79F6600899583 /* Build configuration list for PBXNativeTarget "test" */;
			buildPhases = (
				6D8D3FE020E79F6500899583 /* Sources */,
				6D8D3FE120E79F6500899583 /* Frameworks */,
				6D8D3FE220E79F6500899583 /* Resources */,
			);
			buildRules = (
			);
			dependencies = (
			);
			name = test;
			productName = test;
			productReference = 6D8D3FE420E79F6500899583 /* test.app */;
			productType = "com.apple.product-type.application";
		};
		6D8D3FF720E79F6600899583 /* testTests */ = {
			isa = PBXNativeTarget;
			buildConfigurationList = 6D8D400F20E79F6600899583 /* Build configuration list for PBXNativeTarget "testTests" */;
			buildPhases = (
				6D8D3FF420E79F6600899583 /* Sources */,
				6D8D3FF520E79F6600899583 /* Frameworks */,
				6D8D3FF620E79F6600899583 /* Resources */,
			);
			buildRules = (
			);
			dependencies = (
				6D8D3FFA20E79F6600899583 /* PBXTargetDependency */,
			);
			name = testTests;
			productName = testTests;
			productReference = 6D8D3FF820E79F6600899583 /* testTests.xctest */;
			productType = "com.apple.product-type.bundle.unit-test";
		};
		6D8D400220E79F6600899583 /* testUITests */ = {
			isa = PBXNativeTarget;
			buildConfigurationList = 6D8D401220E79F6600899583 /* Build configuration list for PBXNativeTarget "testUITests" */;
			buildPhases = (
				6D8D3FFF20E79F6600899583 /* Sources */,
				6D8D400020E79F6600899583 /* Frameworks */,
				6D8D400120E79F6600899583 /* Resources */,
			);
			buildRules = (
			);
			dependencies = (
				6D8D400520E79F6600899583 /* PBXTargetDependency */,
			);
			name = testUITests;
			productName = testUITests;
			productReference = 6D8D400320E79F6600899583 /* testUITests.xctest */;
			productType = "com.apple.product-type.bundle.ui-testing";
		};
/* End PBXNativeTarget section */

/* Begin PBXProject section */
		6D8D3FDC20E79F6500899583 /* Project object */ = {
			isa = PBXProject;
			attributes = {
				LastSwiftUpdateCheck = 0940;
				LastUpgradeCheck = 0940;
				ORGANIZATIONNAME = "Tom Zhang";
				TargetAttributes = {
					6D8D3FE320E79F6500899583 = {
						CreatedOnToolsVersion = 9.4;
					};
					6D8D3FF720E79F6600899583 = {
						CreatedOnToolsVersion = 9.4;
						TestTargetID = 6D8D3FE320E79F6500899583;
					};
					6D8D400220E79F6600899583 = {
						CreatedOnToolsVersion = 9.4;
						TestTargetID = 6D8D3FE320E79F6500899583;
					};
				};
			};
			buildConfigurationList = 6D8D3FDF20E79F6500899583 /* Build configuration list for PBXProject "test" */;
			compatibilityVersion = "Xcode 9.3";
			developmentRegion = en;
			hasScannedForEncodings = 0;
			knownRegions = (
				en,
				Base,
			);
			mainGroup = 6D8D3FDB20E79F6500899583;
			productRefGroup = 6D8D3FE520E79F6500899583 /* Products */;
			projectDirPath = "";
			projectRoot = "";
			targets = (
				6D8D3FE320E79F6500899583 /* test */,
				6D8D3FF720E79F6600899583 /* testTests */,
				6D8D400220E79F6600899583 /* testUITests */,
			);
		};
/* End PBXProject section */

/* Begin PBXResourcesBuildPhase section */
		6D8D3FE220E79F6500899583 /* Resources */ = {
			isa = PBXResourcesBuildPhase;
			buildActionMask = 2147483647;
			files = (
				6D8D3FF220E79F6600899583 /* LaunchScreen.storyboard in Resources */,
				6D8D3FEF20E79F6600899583 /* Assets.xcassets in Resources */,
				6D8D3FED20E79F6500899583 /* Main.storyboard in Resources */,
			);
			runOnlyForDeploymentPostprocessing = 0;
		};
		6D8D3FF620E79F6600899583 /* Resources */ = {
			isa = PBXResourcesBuildPhase;
			buildActionMask = 2147483647;
			files = (
			);
			runOnlyForDeploymentPostprocessing = 0;
		};
		6D8D400120E79F6600899583 /* Resources */ = {
			isa = PBXResourcesBuildPhase;
			buildActionMask = 2147483647;
			files = (
			);
			runOnlyForDeploymentPostprocessing = 0;
		};
/* End PBXResourcesBuildPhase section */

/* Begin PBXSourcesBuildPhase section */
		6D8D3FE020E79F6500899583 /* Sources */ = {
			isa = PBXSourcesBuildPhase;
			buildActionMask = 2147483647;
			files = (
				6D8D3FEA20E79F6500899583 /* ViewController.swift in Sources */,
				6D8D3FE820E79F6500899583 /* AppDelegate.swift in Sources */,
			);
			runOnlyForDeploymentPostprocessing = 0;
		};
		6D8D3FF420E79F6600899583 /* Sources */ = {
			isa = PBXSourcesBuildPhase;
			buildActionMask = 2147483647;
			files = (
				6D8D3FFD20E79F6600899583 /* testTests.swift in Sources */,
			);
			runOnlyForDeploymentPostprocessing = 0;
		};
		6D8D3FFF20E79F6600899583 /* Sources */ = {
			isa = PBXSourcesBuildPhase;
			buildActionMask = 2147483647;
			files = (
				6D8D400820E79F6600899583 /* testUITests.swift in Sources */,
			);
			runOnlyForDeploymentPostprocessing = 0;
		};
/* End PBXSourcesBuildPhase section */

/* Begin PBXTargetDependency section */
		6D8D3FFA20E79F6600899583 /* PBXTargetDependency */ = {
			isa = PBXTargetDependency;
			target = 6D8D3FE320E79F6500899583 /* test */;
			targetProxy = 6D8D3FF920E79F6600899583 /* PBXContainerItemProxy */;
		};
		6D8D400520E79F6600899583 /* PBXTargetDependency */ = {
			isa = PBXTargetDependency;
			target = 6D8D3FE320E79F6500899583 /* test */;
			targetProxy = 6D8D400420E79F6600899583 /* PBXContainerItemProxy */;
		};
/* End PBXTargetDependency section */

/* Begin PBXVariantGroup section */
		6D8D3FEB20E79F6500899583 /* Main.storyboard */ = {
			isa = PBXVariantGroup;
			children = (
				6D8D3FEC20E79F6500899583 /* Base */,
			);
			name = Main.storyboard;
			sourceTree = "<group>";
		};
		6D8D3FF020E79F6600899583 /* LaunchScreen.storyboard */ = {
			isa = PBXVariantGroup;
			children = (
				6D8D3FF120E79F6600899583 /* Base */,
			);
			name = LaunchScreen.storyboard;
			sourceTree = "<group>";
		};
/* End PBXVariantGroup section */

/* Begin XCBuildConfiguration section */
		6D8D400A20E79F6600899583 /* Debug */ = {
			isa = XCBuildConfiguration;
			buildSettings = {
				ALWAYS_SEARCH_USER_PATHS = NO;
				CLANG_ANALYZER_NONNULL = YES;
				CLANG_ANALYZER_NUMBER_OBJECT_CONVERSION = YES_AGGRESSIVE;
				CLANG_CXX_LANGUAGE_STANDARD = "gnu++14";
				CLANG_CXX_LIBRARY = "libc++";
				CLANG_ENABLE_MODULES = YES;
				CLANG_ENABLE_OBJC_ARC = YES;
				CLANG_ENABLE_OBJC_WEAK = YES;
				CLANG_WARN_BLOCK_CAPTURE_AUTORELEASING = YES;
				CLANG_WARN_BOOL_CONVERSION = YES;
				CLANG_WARN_COMMA = YES;
				CLANG_WARN_CONSTANT_CONVERSION = YES;
				CLANG_WARN_DEPRECATED_OBJC_IMPLEMENTATIONS = YES;
				CLANG_WARN_DIRECT_OBJC_ISA_USAGE = YES_ERROR;
				CLANG_WARN_DOCUMENTATION_COMMENTS = YES;
				CLANG_WARN_EMPTY_BODY = YES;
				CLANG_WARN_ENUM_CONVERSION = YES;
				CLANG_WARN_INFINITE_RECURSION = YES;
				CLANG_WARN_INT_CONVERSION = YES;
				CLANG_WARN_NON_LITERAL_NULL_CONVERSION = YES;
				CLANG_WARN_OBJC_IMPLICIT_RETAIN_SELF = YES;
				CLANG_WARN_OBJC_LITERAL_CONVERSION = YES;
				CLANG_WARN_OBJC_ROOT_CLASS = YES_ERROR;
				CLANG_WARN_RANGE_LOOP_ANALYSIS = YES;
				CLANG_WARN_STRICT_PROTOTYPES = YES;
				CLANG_WARN_SUSPICIOUS_MOVE = YES;
				CLANG_WARN_UNGUARDED_AVAILABILITY = YES_AGGRESSIVE;
				CLANG_WARN_UNREACHABLE_CODE = YES;
				CLANG_WARN__DUPLICATE_METHOD_MATCH = YES;
				CODE_SIGN_IDENTITY = "iPhone Developer";
				COPY_PHASE_STRIP = NO;
				DEBUG_INFORMATION_FORMAT = dwarf;
				ENABLE_STRICT_OBJC_MSGSEND = YES;
				ENABLE_TESTABILITY = YES;
				GCC_C_LANGUAGE_STANDARD = gnu11;
				GCC_DYNAMIC_NO_PIC = NO;
				GCC_NO_COMMON_BLOCKS = YES;
				GCC_OPTIMIZATION_LEVEL = 0;
				GCC_PREPROCESSOR_DEFINITIONS = (
					"DEBUG=1",
					"$(inherited)",
				);
				GCC_WARN_64_TO_32_BIT_CONVERSION = YES;
				GCC_WARN_ABOUT_RETURN_TYPE = YES_ERROR;
				GCC_WARN_UNDECLARED_SELECTOR = YES;
				GCC_WARN_UNINITIALIZED_AUTOS = YES_AGGRESSIVE;
				GCC_WARN_UNUSED_FUNCTION = YES;
				GCC_WARN_UNUSED_VARIABLE = YES;
				IPHONEOS_DEPLOYMENT_TARGET = 11.4;
				MTL_ENABLE_DEBUG_INFO = YES;
				ONLY_ACTIVE_ARCH = YES;
				SDKROOT = iphoneos;
				SWIFT_ACTIVE_COMPILATION_CONDITIONS = DEBUG;
				SWIFT_OPTIMIZATION_LEVEL = "-Onone";
			};
			name = Debug;
		};
		6D8D400B20E79F6600899583 /* Release */ = {
			isa = XCBuildConfiguration;
			buildSettings = {
				ALWAYS_SEARCH_USER_PATHS = NO;
				CLANG_ANALYZER_NONNULL = YES;
				CLANG_ANALYZER_NUMBER_OBJECT_CONVERSION = YES_AGGRESSIVE;
				CLANG_CXX_LANGUAGE_STANDARD = "gnu++14";
				CLANG_CXX_LIBRARY = "libc++";
				CLANG_ENABLE_MODULES = YES;
				CLANG_ENABLE_OBJC_ARC = YES;
				CLANG_ENABLE_OBJC_WEAK = YES;
				CLANG_WARN_BLOCK_CAPTURE_AUTORELEASING = YES;
				CLANG_WARN_BOOL_CONVERSION = YES;
				CLANG_WARN_COMMA = YES;
				CLANG_WARN_CONSTANT_CONVERSION = YES;
				CLANG_WARN_DEPRECATED_OBJC_IMPLEMENTATIONS = YES;
				CLANG_WARN_DIRECT_OBJC_ISA_USAGE = YES_ERROR;
				CLANG_WARN_DOCUMENTATION_COMMENTS = YES;
				CLANG_WARN_EMPTY_BODY = YES;
				CLANG_WARN_ENUM_CONVERSION = YES;
				CLANG_WARN_INFINITE_RECURSION = YES;
				CLANG_WARN_INT_CONVERSION = YES;
				CLANG_WARN_NON_LITERAL_NULL_CONVERSION = YES;
				CLANG_WARN_OBJC_IMPLICIT_RETAIN_SELF = YES;
				CLANG_WARN_OBJC_LITERAL_CONVERSION = YES;
				CLANG_WARN_OBJC_ROOT_CLASS = YES_ERROR;
				CLANG_WARN_RANGE_LOOP_ANALYSIS = YES;
				CLANG_WARN_STRICT_PROTOTYPES = YES;
				CLANG_WARN_SUSPICIOUS_MOVE = YES;
				CLANG_WARN_UNGUARDED_AVAILABILITY = YES_AGGRESSIVE;
				CLANG_WARN_UNREACHABLE_CODE = YES;
				CLANG_WARN__DUPLICATE_METHOD_MATCH = YES;
				CODE_SIGN_IDENTITY = "iPhone Developer";
				COPY_PHASE_STRIP = NO;
				DEBUG_INFORMATION_FORMAT = "dwarf-with-dsym";
				ENABLE_NS_ASSERTIONS = NO;
				ENABLE_STRICT_OBJC_MSGSEND = YES;
				GCC_C_LANGUAGE_STANDARD = gnu11;
				GCC_NO_COMMON_BLOCKS = YES;
				GCC_WARN_64_TO_32_BIT_CONVERSION = YES;
				GCC_WARN_ABOUT_RETURN_TYPE = YES_ERROR;
				GCC_WARN_UNDECLARED_SELECTOR = YES;
				GCC_WARN_UNINITIALIZED_AUTOS = YES_AGGRESSIVE;
				GCC_WARN_UNUSED_FUNCTION = YES;
				GCC_WARN_UNUSED_VARIABLE = YES;
				IPHONEOS_DEPLOYMENT_TARGET = 11.4;
				MTL_ENABLE_DEBUG_INFO = NO;
				SDKROOT = iphoneos;
				SWIFT_COMPILATION_MODE = wholemodule;
				SWIFT_OPTIMIZATION_LEVEL = "-O";
				VALIDATE_PRODUCT = YES;
			};
			name = Release;
		};
		6D8D400D20E79F6600899583 /* Debug */ = {
			isa = XCBuildConfiguration;
			buildSettings = {
				ASSETCATALOG_COMPILER_APPICON_NAME = AppIcon;
				CODE_SIGN_STYLE = Automatic;
				INFOPLIST_FILE = test/Info.plist;
				LD_RUNPATH_SEARCH_PATHS = (
					"$(inherited)",
					"@executable_path/Frameworks",
				);
				PRODUCT_BUNDLE_IDENTIFIER = com.tomzhangmc.test;
				PRODUCT_NAME = "$(TARGET_NAME)";
				SWIFT_VERSION = 4.0;
				TARGETED_DEVICE_FAMILY = "1,2";
			};
			name = Debug;
		};
		6D8D400E20E79F6600899583 /* Release */ = {
			isa = XCBuildConfiguration;
			buildSettings = {
				ASSETCATALOG_COMPILER_APPICON_NAME = AppIcon;
				CODE_SIGN_STYLE = Automatic;
				INFOPLIST_FILE = test/Info.plist;
				LD_RUNPATH_SEARCH_PATHS = (
					"$(inherited)",
					"@executable_path/Frameworks",
				);
				PRODUCT_BUNDLE_IDENTIFIER = com.tomzhangmc.test;
				PRODUCT_NAME = "$(TARGET_NAME)";
				SWIFT_VERSION = 4.0;
				TARGETED_DEVICE_FAMILY = "1,2";
			};
			name = Release;
		};
		6D8D401020E79F6600899583 /* Debug */ = {
			isa = XCBuildConfiguration;
			buildSettings = {
				ALWAYS_EMBED_SWIFT_STANDARD_LIBRARIES = YES;
				BUNDLE_LOADER = "$(TEST_HOST)";
				CODE_SIGN_STYLE = Automatic;
				INFOPLIST_FILE = testTests/Info.plist;
				LD_RUNPATH_SEARCH_PATHS = (
					"$(inherited)",
					"@executable_path/Frameworks",
					"@loader_path/Frameworks",
				);
				PRODUCT_BUNDLE_IDENTIFIER = com.tomzhangmc.testTests;
				PRODUCT_NAME = "$(TARGET_NAME)";
				SWIFT_VERSION = 4.0;
				TARGETED_DEVICE_FAMILY = "1,2";
				TEST_HOST = "$(BUILT_PRODUCTS_DIR)/test.app/test";
			};
			name = Debug;
		};
		6D8D401120E79F6600899583 /* Release */ = {
			isa = XCBuildConfiguration;
			buildSettings = {
				ALWAYS_EMBED_SWIFT_STANDARD_LIBRARIES = YES;
				BUNDLE_LOADER = "$(TEST_HOST)";
				CODE_SIGN_STYLE = Automatic;
				INFOPLIST_FILE = testTests/Info.plist;
				LD_RUNPATH_SEARCH_PATHS = (
					"$(inherited)",
					"@executable_path/Frameworks",
					"@loader_path/Frameworks",
				);
				PRODUCT_BUNDLE_IDENTIFIER = com.tomzhangmc.testTests;
				PRODUCT_NAME = "$(TARGET_NAME)";
				SWIFT_VERSION = 4.0;
				TARGETED_DEVICE_FAMILY = "1,2";
				TEST_HOST = "$(BUILT_PRODUCTS_DIR)/test.app/test";
			};
			name = Release;
		};
		6D8D401320E79F6600899583 /* Debug */ = {
			isa = XCBuildConfiguration;
			buildSettings = {
				ALWAYS_EMBED_SWIFT_STANDARD_LIBRARIES = YES;
				CODE_SIGN_STYLE = Automatic;
				INFOPLIST_FILE = testUITests/Info.plist;
				LD_RUNPATH_SEARCH_PATHS = (
					"$(inherited)",
					"@executable_path/Frameworks",
					"@loader_path/Frameworks",
				);
				PRODUCT_BUNDLE_IDENTIFIER = com.tomzhangmc.testUITests;
				PRODUCT_NAME = "$(TARGET_NAME)";
				SWIFT_VERSION = 4.0;
				TARGETED_DEVICE_FAMILY = "1,2";
				TEST_TARGET_NAME = test;
			};
			name = Debug;
		};
		6D8D401420E79F6600899583 /* Release */ = {
			isa = XCBuildConfiguration;
			buildSettings = {
				ALWAYS_EMBED_SWIFT_STANDARD_LIBRARIES = YES;
				CODE_SIGN_STYLE = Automatic;
				INFOPLIST_FILE = testUITests/Info.plist;
				LD_RUNPATH_SEARCH_PATHS = (
					"$(inherited)",
					"@executable_path/Frameworks",
					"@loader_path/Frameworks",
				);
				PRODUCT_BUNDLE_IDENTIFIER = com.tomzhangmc.testUITests;
				PRODUCT_NAME = "$(TARGET_NAME)";
				SWIFT_VERSION = 4.0;
				TARGETED_DEVICE_FAMILY = "1,2";
				TEST_TARGET_NAME = test;
			};
			name = Release;
		};
/* End XCBuildConfiguration section */

/* Begin XCConfigurationList section */
		6D8D3FDF20E79F6500899583 /* Build configuration list for PBXProject "test" */ = {
			isa = XCConfigurationList;
			buildConfigurations = (
				6D8D400A20E79F6600899583 /* Debug */,
				6D8D400B20E79F6600899583 /* Release */,
			);
			defaultConfigurationIsVisible = 0;
			defaultConfigurationName = Release;
		};
		6D8D400C20E79F6600899583 /* Build configuration list for PBXNativeTarget "test" */ = {
			isa = XCConfigurationList;
			buildConfigurations = (
				6D8D400D20E79F6600899583 /* Debug */,
				6D8D400E20E79F6600899583 /* Release */,
			);
			defaultConfigurationIsVisible = 0;
			defaultConfigurationName = Release;
		};
		6D8D400F20E79F6600899583 /* Build configuration list for PBXNativeTarget "testTests" */ = {
			isa = XCConfigurationList;
			buildConfigurations = (
				6D8D401020E79F6600899583 /* Debug */,
				6D8D401120E79F6600899583 /* Release */,
			);
			defaultConfigurationIsVisible = 0;
			defaultConfigurationName = Release;
		};
		6D8D401220E79F6600899583 /* Build configuration list for PBXNativeTarget "testUITests" */ = {
			isa = XCConfigurationList;
			buildConfigurations = (
				6D8D401320E79F6600899583 /* Debug */,
				6D8D401420E79F6600899583 /* Release */,
			);
			defaultConfigurationIsVisible = 0;
			defaultConfigurationName = Release;
		};
/* End XCConfigurationList section */
	};
	rootObject = 6D8D3FDC20E79F6500899583 /* Project object */;
}
